
Microsoft Visual Studio Solution File, Format Version 12.00
# Visual Studio 15
VisualStudioVersion = 15.0.27428.2002
MinimumVisualStudioVersion = 10.0.40219.1
Project("{FAE04EC0-301F-11D3-BF4B-00C04F79EFBC}") = "AquaL", "AquaL\AquaL.csproj", "{8156304C-7219-4EC3-8BBE-B29A4A103BA9}"
EndProject
Project("{FAE04EC0-301F-11D3-BF4B-00C04F79EFBC}") = "TestPlugin", "TestPlugin\TestPlugin.csproj", "{C9C7AB93-3FBB-4644-88B6-14023A3909C2}"
EndProject
Global
	GlobalSection(SolutionConfigurationPlatforms) = preSolution
		Debug|Any CPU = Debug|Any CPU
		Release|Any CPU = Release|Any CPU
	EndGlobalSection
	GlobalSection(ProjectConfigurationPlatforms) = postSolution
		{8156304C-7219-4EC3-8BBE-B29A4A103BA9}.Debug|Any CPU.ActiveCfg = Debug|Any CPU
		{8156304C-7219-4EC3-8BBE-B29A4A103BA9}.Debug|Any CPU.Build.0 = Debug|Any CPU
		{8156304C-7219-4EC3-8BBE-B29A4A103BA9}.Release|Any CPU.ActiveCfg = Release|Any CPU
		{8156304C-7219-4EC3-8BBE-B29A4A103BA9}.Release|Any CPU.Build.0 = Release|Any CPU
		{C9C7AB93-3FBB-4644-88B6-14023A3909C2}.Debug|Any CPU.ActiveCfg = Debug|Any CPU
		{C9C7AB93-3FBB-4644-88B6-14023A3909C2}.Debug|Any CPU.Build.0 = Debug|Any CPU
		{C9C7AB93-3FBB-4644-88B6-14023A3909C2}.Release|Any CPU.ActiveCfg = Release|Any CPU
		{C9C7AB93-3FBB-4644-88B6-14023A3909C2}.Release|Any CPU.Build.0 = Release|Any CPU
	EndGlobalSection
	GlobalSection(SolutionProperties) = preSolution
		HideSolutionNode = FALSE
	EndGlobalSection
	GlobalSection(ExtensibilityGlobals) = postSolution
		SolutionGuid = {089F827F-05FF-45C9-B5FD-B9F4263A1E09}
	EndGlobalSection
EndGlobal
